
Microsoft Visual Studio Solution File, Format Version 12.00
# Visual Studio 15
VisualStudioVersion = 15.0.28307.271
MinimumVisualStudioVersion = 10.0.40219.1
Project("{FAE04EC0-301F-11D3-BF4B-00C04F79EFBC}") = "MFoxGame.Android", "MFoxGame\MFoxGame.Android\MFoxGame.Android.csproj", "{24CE3C36-16B9-426D-AA0C-5961ECF8D88C}"
EndProject
Project("{FAE04EC0-301F-11D3-BF4B-00C04F79EFBC}") = "MFoxGame.iOS", "MFoxGame\MFoxGame.iOS\MFoxGame.iOS.csproj", "{362C7307-033C-4260-81AD-8BA847A2584B}"
EndProject
Project("{FAE04EC0-301F-11D3-BF4B-00C04F79EFBC}") = "MFoxGame.UWP", "MFoxGame\MFoxGame.UWP\MFoxGame.UWP.csproj", "{07935017-73D3-4391-BA62-DBE789A12A2E}"
EndProject
Project("{FAE04EC0-301F-11D3-BF4B-00C04F79EFBC}") = "MFoxGame", "MFoxGame\MFoxGame\MFoxGame.csproj", "{5DB7FEBB-6A66-4A17-B45A-77456DC3A311}"
EndProject
Global
	GlobalSection(SolutionConfigurationPlatforms) = preSolution
		Debug|Any CPU = Debug|Any CPU
		Debug|ARM = Debug|ARM
		Debug|iPhone = Debug|iPhone
		Debug|iPhoneSimulator = Debug|iPhoneSimulator
		Debug|x64 = Debug|x64
		Debug|x86 = Debug|x86
		Release|Any CPU = Release|Any CPU
		Release|ARM = Release|ARM
		Release|iPhone = Release|iPhone
		Release|iPhoneSimulator = Release|iPhoneSimulator
		Release|x64 = Release|x64
		Release|x86 = Release|x86
	EndGlobalSection
	GlobalSection(ProjectConfigurationPlatforms) = postSolution
		{24CE3C36-16B9-426D-AA0C-5961ECF8D88C}.Debug|Any CPU.ActiveCfg = Debug|Any CPU
		{24CE3C36-16B9-426D-AA0C-5961ECF8D88C}.Debug|Any CPU.Build.0 = Debug|Any CPU
		{24CE3C36-16B9-426D-AA0C-5961ECF8D88C}.Debug|Any CPU.Deploy.0 = Debug|Any CPU
		{24CE3C36-16B9-426D-AA0C-5961ECF8D88C}.Debug|ARM.ActiveCfg = Debug|Any CPU
		{24CE3C36-16B9-426D-AA0C-5961ECF8D88C}.Debug|ARM.Build.0 = Debug|Any CPU
		{24CE3C36-16B9-426D-AA0C-5961ECF8D88C}.Debug|ARM.Deploy.0 = Debug|Any CPU
		{24CE3C36-16B9-426D-AA0C-5961ECF8D88C}.Debug|iPhone.ActiveCfg = Debug|Any CPU
		{24CE3C36-16B9-426D-AA0C-5961ECF8D88C}.Debug|iPhone.Build.0 = Debug|Any CPU
		{24CE3C36-16B9-426D-AA0C-5961ECF8D88C}.Debug|iPhone.Deploy.0 = Debug|Any CPU
		{24CE3C36-16B9-426D-AA0C-5961ECF8D88C}.Debug|iPhoneSimulator.ActiveCfg = Debug|Any CPU
		{24CE3C36-16B9-426D-AA0C-5961ECF8D88C}.Debug|iPhoneSimulator.Build.0 = Debug|Any CPU
		{24CE3C36-16B9-426D-AA0C-5961ECF8D88C}.Debug|iPhoneSimulator.Deploy.0 = Debug|Any CPU
		{24CE3C36-16B9-426D-AA0C-5961ECF8D88C}.Debug|x64.ActiveCfg = Debug|Any CPU
		{24CE3C36-16B9-426D-AA0C-5961ECF8D88C}.Debug|x64.Build.0 = Debug|Any CPU
		{24CE3C36-16B9-426D-AA0C-5961ECF8D88C}.Debug|x64.Deploy.0 = Debug|Any CPU
		{24CE3C36-16B9-426D-AA0C-5961ECF8D88C}.Debug|x86.ActiveCfg = Debug|Any CPU
		{24CE3C36-16B9-426D-AA0C-5961ECF8D88C}.Debug|x86.Build.0 = Debug|Any CPU
		{24CE3C36-16B9-426D-AA0C-5961ECF8D88C}.Debug|x86.Deploy.0 = Debug|Any CPU
		{24CE3C36-16B9-426D-AA0C-5961ECF8D88C}.Release|Any CPU.ActiveCfg = Release|Any CPU
		{24CE3C36-16B9-426D-AA0C-5961ECF8D88C}.Release|Any CPU.Build.0 = Release|Any CPU
		{24CE3C36-16B9-426D-AA0C-5961ECF8D88C}.Release|Any CPU.Deploy.0 = Release|Any CPU
		{24CE3C36-16B9-426D-AA0C-5961ECF8D88C}.Release|ARM.ActiveCfg = Release|Any CPU
		{24CE3C36-16B9-426D-AA0C-5961ECF8D88C}.Release|ARM.Build.0 = Release|Any CPU
		{24CE3C36-16B9-426D-AA0C-5961ECF8D88C}.Release|ARM.Deploy.0 = Release|Any CPU
		{24CE3C36-16B9-426D-AA0C-5961ECF8D88C}.Release|iPhone.ActiveCfg = Release|Any CPU
		{24CE3C36-16B9-426D-AA0C-5961ECF8D88C}.Release|iPhone.Build.0 = Release|Any CPU
		{24CE3C36-16B9-426D-AA0C-5961ECF8D88C}.Release|iPhone.Deploy.0 = Release|Any CPU
		{24CE3C36-16B9-426D-AA0C-5961ECF8D88C}.Release|iPhoneSimulator.ActiveCfg = Release|Any CPU
		{24CE3C36-16B9-426D-AA0C-5961ECF8D88C}.Release|iPhoneSimulator.Build.0 = Release|Any CPU
		{24CE3C36-16B9-426D-AA0C-5961ECF8D88C}.Release|iPhoneSimulator.Deploy.0 = Release|Any CPU
		{24CE3C36-16B9-426D-AA0C-5961ECF8D88C}.Release|x64.ActiveCfg = Release|Any CPU
		{24CE3C36-16B9-426D-AA0C-5961ECF8D88C}.Release|x64.Build.0 = Release|Any CPU
		{24CE3C36-16B9-426D-AA0C-5961ECF8D88C}.Release|x64.Deploy.0 = Release|Any CPU
		{24CE3C36-16B9-426D-AA0C-5961ECF8D88C}.Release|x86.ActiveCfg = Release|Any CPU
		{24CE3C36-16B9-426D-AA0C-5961ECF8D88C}.Release|x86.Build.0 = Release|Any CPU
		{24CE3C36-16B9-426D-AA0C-5961ECF8D88C}.Release|x86.Deploy.0 = Release|Any CPU
		{362C7307-033C-4260-81AD-8BA847A2584B}.Debug|Any CPU.ActiveCfg = Debug|iPhoneSimulator
		{362C7307-033C-4260-81AD-8BA847A2584B}.Debug|Any CPU.Build.0 = Debug|iPhoneSimulator
		{362C7307-033C-4260-81AD-8BA847A2584B}.Debug|Any CPU.Deploy.0 = Debug|iPhoneSimulator
		{362C7307-033C-4260-81AD-8BA847A2584B}.Debug|ARM.ActiveCfg = Debug|iPhone
		{362C7307-033C-4260-81AD-8BA847A2584B}.Debug|ARM.Build.0 = Debug|iPhone
		{362C7307-033C-4260-81AD-8BA847A2584B}.Debug|ARM.Deploy.0 = Debug|iPhone
		{362C7307-033C-4260-81AD-8BA847A2584B}.Debug|iPhone.ActiveCfg = Debug|iPhone
		{362C7307-033C-4260-81AD-8BA847A2584B}.Debug|iPhone.Build.0 = Debug|iPhone
		{362C7307-033C-4260-81AD-8BA847A2584B}.Debug|iPhone.Deploy.0 = Debug|iPhone
		{362C7307-033C-4260-81AD-8BA847A2584B}.Debug|iPhoneSimulator.ActiveCfg = Debug|iPhoneSimulator
		{362C7307-033C-4260-81AD-8BA847A2584B}.Debug|iPhoneSimulator.Build.0 = Debug|iPhoneSimulator
		{362C7307-033C-4260-81AD-8BA847A2584B}.Debug|iPhoneSimulator.Deploy.0 = Debug|iPhoneSimulator
		{362C7307-033C-4260-81AD-8BA847A2584B}.Debug|x64.ActiveCfg = Debug|iPhone
		{362C7307-033C-4260-81AD-8BA847A2584B}.Debug|x64.Build.0 = Debug|iPhone
		{362C7307-033C-4260-81AD-8BA847A2584B}.Debug|x64.Deploy.0 = Debug|iPhone
		{362C7307-033C-4260-81AD-8BA847A2584B}.Debug|x86.ActiveCfg = Debug|iPhone
		{362C7307-033C-4260-81AD-8BA847A2584B}.Debug|x86.Build.0 = Debug|iPhone
		{362C7307-033C-4260-81AD-8BA847A2584B}.Debug|x86.Deploy.0 = Debug|iPhone
		{362C7307-033C-4260-81AD-8BA847A2584B}.Release|Any CPU.ActiveCfg = Release|iPhone
		{362C7307-033C-4260-81AD-8BA847A2584B}.Release|Any CPU.Build.0 = Release|iPhone
		{362C7307-033C-4260-81AD-8BA847A2584B}.Release|Any CPU.Deploy.0 = Release|iPhone
		{362C7307-033C-4260-81AD-8BA847A2584B}.Release|ARM.ActiveCfg = Release|iPhone
		{362C7307-033C-4260-81AD-8BA847A2584B}.Release|ARM.Build.0 = Release|iPhone
		{362C7307-033C-4260-81AD-8BA847A2584B}.Release|ARM.Deploy.0 = Release|iPhone
		{362C7307-033C-4260-81AD-8BA847A2584B}.Release|iPhone.ActiveCfg = Release|iPhone
		{362C7307-033C-4260-81AD-8BA847A2584B}.Release|iPhone.Build.0 = Release|iPhone
		{362C7307-033C-4260-81AD-8BA847A2584B}.Release|iPhone.Deploy.0 = Release|iPhone
		{362C7307-033C-4260-81AD-8BA847A2584B}.Release|iPhoneSimulator.ActiveCfg = Release|iPhoneSimulator
		{362C7307-033C-4260-81AD-8BA847A2584B}.Release|iPhoneSimulator.Build.0 = Release|iPhoneSimulator
		{362C7307-033C-4260-81AD-8BA847A2584B}.Release|iPhoneSimulator.Deploy.0 = Release|iPhoneSimulator
		{362C7307-033C-4260-81AD-8BA847A2584B}.Release|x64.ActiveCfg = Release|iPhone
		{362C7307-033C-4260-81AD-8BA847A2584B}.Release|x64.Build.0 = Release|iPhone
		{362C7307-033C-4260-81AD-8BA847A2584B}.Release|x64.Deploy.0 = Release|iPhone
		{362C7307-033C-4260-81AD-8BA847A2584B}.Release|x86.ActiveCfg = Release|iPhone
		{362C7307-033C-4260-81AD-8BA847A2584B}.Release|x86.Build.0 = Release|iPhone
		{362C7307-033C-4260-81AD-8BA847A2584B}.Release|x86.Deploy.0 = Release|iPhone
		{07935017-73D3-4391-BA62-DBE789A12A2E}.Debug|Any CPU.ActiveCfg = Debug|x86
		{07935017-73D3-4391-BA62-DBE789A12A2E}.Debug|Any CPU.Build.0 = Debug|x86
		{07935017-73D3-4391-BA62-DBE789A12A2E}.Debug|Any CPU.Deploy.0 = Debug|x86
		{07935017-73D3-4391-BA62-DBE789A12A2E}.Debug|ARM.ActiveCfg = Debug|ARM
		{07935017-73D3-4391-BA62-DBE789A12A2E}.Debug|ARM.Build.0 = Debug|ARM
		{07935017-73D3-4391-BA62-DBE789A12A2E}.Debug|ARM.Deploy.0 = Debug|ARM
		{07935017-73D3-4391-BA62-DBE789A12A2E}.Debug|iPhone.ActiveCfg = Debug|x86
		{07935017-73D3-4391-BA62-DBE789A12A2E}.Debug|iPhone.Build.0 = Debug|x86
		{07935017-73D3-4391-BA62-DBE789A12A2E}.Debug|iPhone.Deploy.0 = Debug|x86
		{07935017-73D3-4391-BA62-DBE789A12A2E}.Debug|iPhoneSimulator.ActiveCfg = Debug|x86
		{07935017-73D3-4391-BA62-DBE789A12A2E}.Debug|iPhoneSimulator.Build.0 = Debug|x86
		{07935017-73D3-4391-BA62-DBE789A12A2E}.Debug|iPhoneSimulator.Deploy.0 = Debug|x86
		{07935017-73D3-4391-BA62-DBE789A12A2E}.Debug|x64.ActiveCfg = Debug|x64
		{07935017-73D3-4391-BA62-DBE789A12A2E}.Debug|x64.Build.0 = Debug|x64
		{07935017-73D3-4391-BA62-DBE789A12A2E}.Debug|x64.Deploy.0 = Debug|x64
		{07935017-73D3-4391-BA62-DBE789A12A2E}.Debug|x86.ActiveCfg = Debug|x86
		{07935017-73D3-4391-BA62-DBE789A12A2E}.Debug|x86.Build.0 = Debug|x86
		{07935017-73D3-4391-BA62-DBE789A12A2E}.Debug|x86.Deploy.0 = Debug|x86
		{07935017-73D3-4391-BA62-DBE789A12A2E}.Release|Any CPU.ActiveCfg = Release|x86
		{07935017-73D3-4391-BA62-DBE789A12A2E}.Release|Any CPU.Build.0 = Release|x86
		{07935017-73D3-4391-BA62-DBE789A12A2E}.Release|Any CPU.Deploy.0 = Release|x86
		{07935017-73D3-4391-BA62-DBE789A12A2E}.Release|ARM.ActiveCfg = Release|ARM
		{07935017-73D3-4391-BA62-DBE789A12A2E}.Release|ARM.Build.0 = Release|ARM
		{07935017-73D3-4391-BA62-DBE789A12A2E}.Release|ARM.Deploy.0 = Release|ARM
		{07935017-73D3-4391-BA62-DBE789A12A2E}.Release|iPhone.ActiveCfg = Release|x86
		{07935017-73D3-4391-BA62-DBE789A12A2E}.Release|iPhone.Build.0 = Release|x86
		{07935017-73D3-4391-BA62-DBE789A12A2E}.Release|iPhone.Deploy.0 = Release|x86
		{07935017-73D3-4391-BA62-DBE789A12A2E}.Release|iPhoneSimulator.ActiveCfg = Release|x86
		{07935017-73D3-4391-BA62-DBE789A12A2E}.Release|iPhoneSimulator.Build.0 = Release|x86
		{07935017-73D3-4391-BA62-DBE789A12A2E}.Release|iPhoneSimulator.Deploy.0 = Release|x86
		{07935017-73D3-4391-BA62-DBE789A12A2E}.Release|x64.ActiveCfg = Release|x64
		{07935017-73D3-4391-BA62-DBE789A12A2E}.Release|x64.Build.0 = Release|x64
		{07935017-73D3-4391-BA62-DBE789A12A2E}.Release|x64.Deploy.0 = Release|x64
		{07935017-73D3-4391-BA62-DBE789A12A2E}.Release|x86.ActiveCfg = Release|x86
		{07935017-73D3-4391-BA62-DBE789A12A2E}.Release|x86.Build.0 = Release|x86
		{07935017-73D3-4391-BA62-DBE789A12A2E}.Release|x86.Deploy.0 = Release|x86
		{5DB7FEBB-6A66-4A17-B45A-77456DC3A311}.Debug|Any CPU.ActiveCfg = Debug|Any CPU
		{5DB7FEBB-6A66-4A17-B45A-77456DC3A311}.Debug|Any CPU.Build.0 = Debug|Any CPU
		{5DB7FEBB-6A66-4A17-B45A-77456DC3A311}.Debug|Any CPU.Deploy.0 = Debug|Any CPU
		{5DB7FEBB-6A66-4A17-B45A-77456DC3A311}.Debug|ARM.ActiveCfg = Debug|Any CPU
		{5DB7FEBB-6A66-4A17-B45A-77456DC3A311}.Debug|ARM.Build.0 = Debug|Any CPU
		{5DB7FEBB-6A66-4A17-B45A-77456DC3A311}.Debug|ARM.Deploy.0 = Debug|Any CPU
		{5DB7FEBB-6A66-4A17-B45A-77456DC3A311}.Debug|iPhone.ActiveCfg = Debug|Any CPU
		{5DB7FEBB-6A66-4A17-B45A-77456DC3A311}.Debug|iPhone.Build.0 = Debug|Any CPU
		{5DB7FEBB-6A66-4A17-B45A-77456DC3A311}.Debug|iPhone.Deploy.0 = Debug|Any CPU
		{5DB7FEBB-6A66-4A17-B45A-77456DC3A311}.Debug|iPhoneSimulator.ActiveCfg = Debug|Any CPU
		{5DB7FEBB-6A66-4A17-B45A-77456DC3A311}.Debug|iPhoneSimulator.Build.0 = Debug|Any CPU
		{5DB7FEBB-6A66-4A17-B45A-77456DC3A311}.Debug|iPhoneSimulator.Deploy.0 = Debug|Any CPU
		{5DB7FEBB-6A66-4A17-B45A-77456DC3A311}.Debug|x64.ActiveCfg = Debug|Any CPU
		{5DB7FEBB-6A66-4A17-B45A-77456DC3A311}.Debug|x64.Build.0 = Debug|Any CPU
		{5DB7FEBB-6A66-4A17-B45A-77456DC3A311}.Debug|x64.Deploy.0 = Debug|Any CPU
		{5DB7FEBB-6A66-4A17-B45A-77456DC3A311}.Debug|x86.ActiveCfg = Debug|Any CPU
		{5DB7FEBB-6A66-4A17-B45A-77456DC3A311}.Debug|x86.Build.0 = Debug|Any CPU
		{5DB7FEBB-6A66-4A17-B45A-77456DC3A311}.Debug|x86.Deploy.0 = Debug|Any CPU
		{5DB7FEBB-6A66-4A17-B45A-77456DC3A311}.Release|Any CPU.ActiveCfg = Release|Any CPU
		{5DB7FEBB-6A66-4A17-B45A-77456DC3A311}.Release|Any CPU.Build.0 = Release|Any CPU
		{5DB7FEBB-6A66-4A17-B45A-77456DC3A311}.Release|Any CPU.Deploy.0 = Release|Any CPU
		{5DB7FEBB-6A66-4A17-B45A-77456DC3A311}.Release|ARM.ActiveCfg = Release|Any CPU
		{5DB7FEBB-6A66-4A17-B45A-77456DC3A311}.Release|ARM.Build.0 = Release|Any CPU
		{5DB7FEBB-6A66-4A17-B45A-77456DC3A311}.Release|ARM.Deploy.0 = Release|Any CPU
		{5DB7FEBB-6A66-4A17-B45A-77456DC3A311}.Release|iPhone.ActiveCfg = Release|Any CPU
		{5DB7FEBB-6A66-4A17-B45A-77456DC3A311}.Release|iPhone.Build.0 = Release|Any CPU
		{5DB7FEBB-6A66-4A17-B45A-77456DC3A311}.Release|iPhone.Deploy.0 = Release|Any CPU
		{5DB7FEBB-6A66-4A17-B45A-77456DC3A311}.Release|iPhoneSimulator.ActiveCfg = Release|Any CPU
		{5DB7FEBB-6A66-4A17-B45A-77456DC3A311}.Release|iPhoneSimulator.Build.0 = Release|Any CPU
		{5DB7FEBB-6A66-4A17-B45A-77456DC3A311}.Release|iPhoneSimulator.Deploy.0 = Release|Any CPU
		{5DB7FEBB-6A66-4A17-B45A-77456DC3A311}.Release|x64.ActiveCfg = Release|Any CPU
		{5DB7FEBB-6A66-4A17-B45A-77456DC3A311}.Release|x64.Build.0 = Release|Any CPU
		{5DB7FEBB-6A66-4A17-B45A-77456DC3A311}.Release|x64.Deploy.0 = Release|Any CPU
		{5DB7FEBB-6A66-4A17-B45A-77456DC3A311}.Release|x86.ActiveCfg = Release|Any CPU
		{5DB7FEBB-6A66-4A17-B45A-77456DC3A311}.Release|x86.Build.0 = Release|Any CPU
		{5DB7FEBB-6A66-4A17-B45A-77456DC3A311}.Release|x86.Deploy.0 = Release|Any CPU
	EndGlobalSection
	GlobalSection(SolutionProperties) = preSolution
		HideSolutionNode = FALSE
	EndGlobalSection
	GlobalSection(ExtensibilityGlobals) = postSolution
		SolutionGuid = {1760FDDB-0F65-4BB5-8EFB-6E84B8963457}
	EndGlobalSection
EndGlobal
